{
  "name": "adpater",
  "lockfileVersion": 2,
  "requires": true,
  "packages": {
    "": {
      "dependencies": {
        "lokidb": "^0.0.3-beta.2",
        "lokijs": "^1.5.12",
        "lowdb": "^5.1.0",
        "lowdb-node": "^3.0.2"
      }
    },
    "node_modules/@lokidb/fs-storage": {
      "version": "2.0.0-beta.6",
      "resolved": "https://registry.npmjs.org/@lokidb/fs-storage/-/fs-storage-2.0.0-beta.6.tgz",
      "integrity": "sha512-sq+OjLa1VKuxxvR62WVm1/SXKgeI8iWHiIhS9IZoSThjoGgRnPldlgeTpxJSHk+QDOh2BF9Kkhf+ITNpaOdpKg==",
      "dependencies": {
        "@lokidb/loki": "2.0.0-beta.6"
      }
    },
    "node_modules/@lokidb/full-text-search": {
      "version": "2.0.0-beta.6",
      "resolved": "https://registry.npmjs.org/@lokidb/full-text-search/-/full-text-search-2.0.0-beta.6.tgz",
      "integrity": "sha512-PuzRcNw+b4cXwd4emVcgi+LSkUT0E28N7Y1agdHoJoQBKKxo6CEihOZkGn8HalfZ2dVIqZC9SGfM0ejEahdkHQ==",
      "optionalDependencies": {
        "@lokidb/loki": "2.0.0-beta.6"
      }
    },
    "node_modules/@lokidb/full-text-search-language": {
      "version": "2.0.0-beta.6",
      "resolved": "https://registry.npmjs.org/@lokidb/full-text-search-language/-/full-text-search-language-2.0.0-beta.6.tgz",
      "integrity": "sha512-/Kx20+8hSYKtLvW/vIljn3qKLSfj9vaoLOKswoU5vepvZu6VuXcQCxZlPBG5cCgeIBegU3Ay7GWcRXzK+v3U4Q=="
    },
    "node_modules/@lokidb/full-text-search-language-de": {
      "version": "2.0.0-beta.6",
      "resolved": "https://registry.npmjs.org/@lokidb/full-text-search-language-de/-/full-text-search-language-de-2.0.0-beta.6.tgz",
      "integrity": "sha512-r8rC+367ySyS3RCenMH6fhqeqURRHrSyDXt8QJqcmypAD52kxT7RNkFKxd9PUFId0kK8AlNB7W29x+8DznzLYQ==",
      "dependencies": {
        "@lokidb/full-text-search": "2.0.0-beta.6",
        "@lokidb/full-text-search-language": "2.0.0-beta.6"
      }
    },
    "node_modules/@lokidb/full-text-search-language-en": {
      "version": "2.0.0-beta.6",
      "resolved": "https://registry.npmjs.org/@lokidb/full-text-search-language-en/-/full-text-search-language-en-2.0.0-beta.6.tgz",
      "integrity": "sha512-lMr/qWX9LJTmpsF8mPpe/7vNYhTUL0emOEB+HqS11VNRahQlIrGY3tMuwqQ2sf+Ig2zfTcafi7UysEeFPz1PDg==",
      "dependencies": {
        "@lokidb/full-text-search": "2.0.0-beta.6",
        "@lokidb/full-text-search-language": "2.0.0-beta.6"
      }
    },
    "node_modules/@lokidb/indexed-storage": {
      "version": "2.0.0-beta.6",
      "resolved": "https://registry.npmjs.org/@lokidb/indexed-storage/-/indexed-storage-2.0.0-beta.6.tgz",
      "integrity": "sha512-YTB84cSJuiOCKEku8D+03l9KWlNzpW+Eqe09Ow2oPozAgX7dwewca6TNBmLaMJYGOMnshuAOVATNWtOfu+svUg==",
      "dependencies": {
        "@lokidb/loki": "2.0.0-beta.6"
      }
    },
    "node_modules/@lokidb/local-storage": {
      "version": "2.0.0-beta.6",
      "resolved": "https://registry.npmjs.org/@lokidb/local-storage/-/local-storage-2.0.0-beta.6.tgz",
      "integrity": "sha512-Td4SGDMpjgib0WQzj6sG++tkw8WupIJF4KsH7ttusXkevipMEuPzsBehT+Fk8YU4rjUp6joJr2V9lqJf0xg0EQ==",
      "dependencies": {
        "@lokidb/loki": "2.0.0-beta.6"
      }
    },
    "node_modules/@lokidb/loki": {
      "version": "2.0.0-beta.6",
      "resolved": "https://registry.npmjs.org/@lokidb/loki/-/loki-2.0.0-beta.6.tgz",
      "integrity": "sha512-0vp0YaWujEybrGSx08GSNZ+yAyyXFomq5dakr3Xjvx2K95A4ykfMUvcRAUHd1rQSLIO9M/jWpzM8L6QZxznX/w=="
    },
    "node_modules/@lokidb/memory-storage": {
      "version": "2.0.0-beta.6",
      "resolved": "https://registry.npmjs.org/@lokidb/memory-storage/-/memory-storage-2.0.0-beta.6.tgz",
      "integrity": "sha512-gBikRSgiXe/Y4vqwBXqzpLqT/wEXm4iidbMbnLMwz60m40YaWHgPGBsqNF9N40v2t6ayz7n2AqGyrQkeTz3wZg==",
      "dependencies": {
        "@lokidb/loki": "2.0.0-beta.6"
      }
    },
    "node_modules/@lokidb/partitioning-adapter": {
      "version": "2.0.0-beta.6",
      "resolved": "https://registry.npmjs.org/@lokidb/partitioning-adapter/-/partitioning-adapter-2.0.0-beta.6.tgz",
      "integrity": "sha512-9Y7n4X5ZecYqAx+FG7xV8YYD2zEOYAZG45iy7M+r4CYOV9r7hXvJSf1V+IMb7Wu9d8Tw0TE8B0yHctJVKuaFzA==",
      "dependencies": {
        "@lokidb/loki": "2.0.0-beta.6"
      }
    },
    "node_modules/lokidb": {
      "version": "0.0.3-beta.2",
      "resolved": "https://registry.npmjs.org/lokidb/-/lokidb-0.0.3-beta.2.tgz",
      "integrity": "sha512-z1SrSamCILgToxD0omeqqgjDDb4UCUx2wQW/4u9urTYYO5WRmJqaioT5G1qOGELqbNp0c0HQxa3Xphy7KapQUA==",
      "hasInstallScript": true,
      "dependencies": {
        "@lokidb/fs-storage": "2.0.0-beta.6",
        "@lokidb/full-text-search": "2.0.0-beta.6",
        "@lokidb/full-text-search-language": "2.0.0-beta.6",
        "@lokidb/full-text-search-language-de": "2.0.0-beta.6",
        "@lokidb/full-text-search-language-en": "2.0.0-beta.6",
        "@lokidb/indexed-storage": "2.0.0-beta.6",
        "@lokidb/local-storage": "2.0.0-beta.6",
        "@lokidb/loki": "2.0.0-beta.6",
        "@lokidb/memory-storage": "2.0.0-beta.6",
        "@lokidb/partitioning-adapter": "2.0.0-beta.6"
      }
    },
    "node_modules/lokijs": {
      "version": "1.5.12",
      "resolved": "https://registry.npmjs.org/lokijs/-/lokijs-1.5.12.tgz",
      "integrity": "sha512-Q5ALD6JiS6xAUWCwX3taQmgwxyveCtIIuL08+ml0nHwT3k0S/GIFJN+Hd38b1qYIMaE5X++iqsqWVksz7SYW+Q=="
    },
    "node_modules/lowdb": {
      "version": "5.1.0",
      "resolved": "https://registry.npmjs.org/lowdb/-/lowdb-5.1.0.tgz",
      "integrity": "sha512-OEysJ2S3j05RqehEypEv3h6EgdV4Y7LTq7LngRNqe1IxsInOm66/sa3fzoI6mmqs2CC+zIJW3vfncGNv2IGi3A==",
      "dependencies": {
        "steno": "^3.0.0"
      },
      "engines": {
        "node": ">=14.16"
      },
      "funding": {
        "url": "https://github.com/sponsors/typicode"
      }
    },
    "node_modules/lowdb-node": {
      "version": "3.0.2",
      "resolved": "https://registry.npmjs.org/lowdb-node/-/lowdb-node-3.0.2.tgz",
      "integrity": "sha512-czWYzx6wRpVlOUozFh01ygG9ndNSzwXZCvz6QpnLlmdOvW3aWZ4DpKQhdiTaZAqYcrAKG+14u12bponKK6z1NQ==",
      "dependencies": {
        "steno": "^2.1.0"
      },
      "engines": {
        "node": "^12.20.0 || ^14.13.1 || >=16.0.0"
      }
    },
    "node_modules/lowdb-node/node_modules/steno": {
      "version": "2.1.0",
      "resolved": "https://registry.npmjs.org/steno/-/steno-2.1.0.tgz",
      "integrity": "sha512-mauOsiaqTNGFkWqIfwcm3y/fq+qKKaIWf1vf3ocOuTdco9XoHCO2AGF1gFYXuZFSWuP38Q8LBHBGJv2KnJSXyA==",
      "engines": {
        "node": "^14.13.1 || >=16.0.0"
      },
      "funding": {
        "url": "https://github.com/sponsors/typicode"
      }
    },
    "node_modules/steno": {
      "version": "3.0.0",
      "resolved": "https://registry.npmjs.org/steno/-/steno-3.0.0.tgz",
      "integrity": "sha512-uZtn7Ht9yXLiYgOsmo8btj4+f7VxyYheMt8g6F1ANjyqByQXEE2Gygjgenp3otHH1TlHsS4JAaRGv5wJ1wvMNw==",
      "engines": {
        "node": ">=14.16"
      },
      "funding": {
        "url": "https://github.com/sponsors/typicode"
      }
    }
  },
  "dependencies": {
    "@lokidb/fs-storage": {
      "version": "2.0.0-beta.6",
      "resolved": "https://registry.npmjs.org/@lokidb/fs-storage/-/fs-storage-2.0.0-beta.6.tgz",
      "integrity": "sha512-sq+OjLa1VKuxxvR62WVm1/SXKgeI8iWHiIhS9IZoSThjoGgRnPldlgeTpxJSHk+QDOh2BF9Kkhf+ITNpaOdpKg==",
      "requires": {
        "@lokidb/loki": "2.0.0-beta.6"
      }
    },
    "@lokidb/full-text-search": {
      "version": "2.0.0-beta.6",
      "resolved": "https://registry.npmjs.org/@lokidb/full-text-search/-/full-text-search-2.0.0-beta.6.tgz",
      "integrity": "sha512-PuzRcNw+b4cXwd4emVcgi+LSkUT0E28N7Y1agdHoJoQBKKxo6CEihOZkGn8HalfZ2dVIqZC9SGfM0ejEahdkHQ==",
      "requires": {
        "@lokidb/loki": "2.0.0-beta.6"
      }
    },
    "@lokidb/full-text-search-language": {
      "version": "2.0.0-beta.6",
      "resolved": "https://registry.npmjs.org/@lokidb/full-text-search-language/-/full-text-search-language-2.0.0-beta.6.tgz",
      "integrity": "sha512-/Kx20+8hSYKtLvW/vIljn3qKLSfj9vaoLOKswoU5vepvZu6VuXcQCxZlPBG5cCgeIBegU3Ay7GWcRXzK+v3U4Q=="
    },
    "@lokidb/full-text-search-language-de": {
      "version": "2.0.0-beta.6",
      "resolved": "https://registry.npmjs.org/@lokidb/full-text-search-language-de/-/full-text-search-language-de-2.0.0-beta.6.tgz",
      "integrity": "sha512-r8rC+367ySyS3RCenMH6fhqeqURRHrSyDXt8QJqcmypAD52kxT7RNkFKxd9PUFId0kK8AlNB7W29x+8DznzLYQ==",
      "requires": {
        "@lokidb/full-text-search": "2.0.0-beta.6",
        "@lokidb/full-text-search-language": "2.0.0-beta.6"
      }
    },
    "@lokidb/full-text-search-language-en": {
      "version": "2.0.0-beta.6",
      "resolved": "https://registry.npmjs.org/@lokidb/full-text-search-language-en/-/full-text-search-language-en-2.0.0-beta.6.tgz",
      "integrity": "sha512-lMr/qWX9LJTmpsF8mPpe/7vNYhTUL0emOEB+HqS11VNRahQlIrGY3tMuwqQ2sf+Ig2zfTcafi7UysEeFPz1PDg==",
      "requires": {
        "@lokidb/full-text-search": "2.0.0-beta.6",
        "@lokidb/full-text-search-language": "2.0.0-beta.6"
      }
    },
    "@lokidb/indexed-storage": {
      "version": "2.0.0-beta.6",
      "resolved": "https://registry.npmjs.org/@lokidb/indexed-storage/-/indexed-storage-2.0.0-beta.6.tgz",
      "integrity": "sha512-YTB84cSJuiOCKEku8D+03l9KWlNzpW+Eqe09Ow2oPozAgX7dwewca6TNBmLaMJYGOMnshuAOVATNWtOfu+svUg==",
      "requires": {
        "@lokidb/loki": "2.0.0-beta.6"
      }
    },
    "@lokidb/local-storage": {
      "version": "2.0.0-beta.6",
      "resolved": "https://registry.npmjs.org/@lokidb/local-storage/-/local-storage-2.0.0-beta.6.tgz",
      "integrity": "sha512-Td4SGDMpjgib0WQzj6sG++tkw8WupIJF4KsH7ttusXkevipMEuPzsBehT+Fk8YU4rjUp6joJr2V9lqJf0xg0EQ==",
      "requires": {
        "@lokidb/loki": "2.0.0-beta.6"
      }
    },
    "@lokidb/loki": {
      "version": "2.0.0-beta.6",
      "resolved": "https://registry.npmjs.org/@lokidb/loki/-/loki-2.0.0-beta.6.tgz",
      "integrity": "sha512-0vp0YaWujEybrGSx08GSNZ+yAyyXFomq5dakr3Xjvx2K95A4ykfMUvcRAUHd1rQSLIO9M/jWpzM8L6QZxznX/w=="
    },
    "@lokidb/memory-storage": {
      "version": "2.0.0-beta.6",
      "resolved": "https://registry.npmjs.org/@lokidb/memory-storage/-/memory-storage-2.0.0-beta.6.tgz",
      "integrity": "sha512-gBikRSgiXe/Y4vqwBXqzpLqT/wEXm4iidbMbnLMwz60m40YaWHgPGBsqNF9N40v2t6ayz7n2AqGyrQkeTz3wZg==",
      "requires": {
        "@lokidb/loki": "2.0.0-beta.6"
      }
    },
    "@lokidb/partitioning-adapter": {
      "version": "2.0.0-beta.6",
      "resolved": "https://registry.npmjs.org/@lokidb/partitioning-adapter/-/partitioning-adapter-2.0.0-beta.6.tgz",
      "integrity": "sha512-9Y7n4X5ZecYqAx+FG7xV8YYD2zEOYAZG45iy7M+r4CYOV9r7hXvJSf1V+IMb7Wu9d8Tw0TE8B0yHctJVKuaFzA==",
      "requires": {
        "@lokidb/loki": "2.0.0-beta.6"
      }
    },
    "lokidb": {
      "version": "0.0.3-beta.2",
      "resolved": "https://registry.npmjs.org/lokidb/-/lokidb-0.0.3-beta.2.tgz",
      "integrity": "sha512-z1SrSamCILgToxD0omeqqgjDDb4UCUx2wQW/4u9urTYYO5WRmJqaioT5G1qOGELqbNp0c0HQxa3Xphy7KapQUA==",
      "requires": {
        "@lokidb/fs-storage": "2.0.0-beta.6",
        "@lokidb/full-text-search": "2.0.0-beta.6",
        "@lokidb/full-text-search-language": "2.0.0-beta.6",
        "@lokidb/full-text-search-language-de": "2.0.0-beta.6",
        "@lokidb/full-text-search-language-en": "2.0.0-beta.6",
        "@lokidb/indexed-storage": "2.0.0-beta.6",
        "@lokidb/local-storage": "2.0.0-beta.6",
        "@lokidb/loki": "2.0.0-beta.6",
        "@lokidb/memory-storage": "2.0.0-beta.6",
        "@lokidb/partitioning-adapter": "2.0.0-beta.6"
      }
    },
    "lokijs": {
      "version": "1.5.12",
      "resolved": "https://registry.npmjs.org/lokijs/-/lokijs-1.5.12.tgz",
      "integrity": "sha512-Q5ALD6JiS6xAUWCwX3taQmgwxyveCtIIuL08+ml0nHwT3k0S/GIFJN+Hd38b1qYIMaE5X++iqsqWVksz7SYW+Q=="
    },
    "lowdb": {
      "version": "5.1.0",
      "resolved": "https://registry.npmjs.org/lowdb/-/lowdb-5.1.0.tgz",
      "integrity": "sha512-OEysJ2S3j05RqehEypEv3h6EgdV4Y7LTq7LngRNqe1IxsInOm66/sa3fzoI6mmqs2CC+zIJW3vfncGNv2IGi3A==",
      "requires": {
        "steno": "^3.0.0"
      }
    },
    "lowdb-node": {
      "version": "3.0.2",
      "resolved": "https://registry.npmjs.org/lowdb-node/-/lowdb-node-3.0.2.tgz",
      "integrity": "sha512-czWYzx6wRpVlOUozFh01ygG9ndNSzwXZCvz6QpnLlmdOvW3aWZ4DpKQhdiTaZAqYcrAKG+14u12bponKK6z1NQ==",
      "requires": {
        "steno": "^2.1.0"
      },
      "dependencies": {
        "steno": {
          "version": "2.1.0",
          "resolved": "https://registry.npmjs.org/steno/-/steno-2.1.0.tgz",
          "integrity": "sha512-mauOsiaqTNGFkWqIfwcm3y/fq+qKKaIWf1vf3ocOuTdco9XoHCO2AGF1gFYXuZFSWuP38Q8LBHBGJv2KnJSXyA=="
        }
      }
    },
    "steno": {
      "version": "3.0.0",
      "resolved": "https://registry.npmjs.org/steno/-/steno-3.0.0.tgz",
      "integrity": "sha512-uZtn7Ht9yXLiYgOsmo8btj4+f7VxyYheMt8g6F1ANjyqByQXEE2Gygjgenp3otHH1TlHsS4JAaRGv5wJ1wvMNw=="
    }
  }
}
